// !$*UTF8*$!
{
	archiveVersion = 1;
	classes = {
	};
	objectVersion = 46;
	objects = {

/* Begin PBXBuildFile section */
		648F202623A5492D94B99B46 /* BLEPeripheral.swift in Sources */ = {isa = PBXBuildFile; fileRef = 648F2CD19DF3D6620C85F536 /* BLEPeripheral.swift */; };
		648F203E5E9543492CBDCB54 /* SensorValueCell.swift in Sources */ = {isa = PBXBuildFile; fileRef = 648F2AAC43ADFB294E907D9A /* SensorValueCell.swift */; };
		648F20AC7FDB3C614BDC0FC0 /* DeviceCell.swift in Sources */ = {isa = PBXBuildFile; fileRef = 648F2A9C35C6B713B656919A /* DeviceCell.swift */; };
		648F2193D195C69B8826ADA7 /* DeviceListViewController.swift in Sources */ = {isa = PBXBuildFile; fileRef = 648F2DBF1842FD828F0F718F /* DeviceListViewController.swift */; };
		648F21BEF07D19490275D6D8 /* BLEDevice.swift in Sources */ = {isa = PBXBuildFile; fileRef = 648F2004577F9C5362D328A6 /* BLEDevice.swift */; };
		648F255C8DF02AEB54BC3DBB /* Utility.m in Sources */ = {isa = PBXBuildFile; fileRef = 648F20B008B44D8BF9BB82AB /* Utility.m */; };
		648F265935B891A9E87C49A8 /* Extensions.swift in Sources */ = {isa = PBXBuildFile; fileRef = 648F225A24F1A688F30BC824 /* Extensions.swift */; };
		648F26EED99FC774535AD6B5 /* PinIOViewController.swift in Sources */ = {isa = PBXBuildFile; fileRef = 648F2E3A85ED450362C60362 /* PinIOViewController.swift */; };
		648F2734D3B25119FD2025ED /* DeviceListViewController.xib in Resources */ = {isa = PBXBuildFile; fileRef = 648F2504F80ADFE3D9B8BDF4 /* DeviceListViewController.xib */; };
		648F28179D2B32E9AE414070 /* DeviceInfoViewController.swift in Sources */ = {isa = PBXBuildFile; fileRef = 648F20238A854F87EE475A95 /* DeviceInfoViewController.swift */; };
		648F2832BDC064030B2ABCD9 /* ControllerViewController.xib in Resources */ = {isa = PBXBuildFile; fileRef = 648F2AE97A3813A0D35B99B0 /* ControllerViewController.xib */; };
		648F2877F7E8AD95F5DE8187 /* AttributeCell.swift in Sources */ = {isa = PBXBuildFile; fileRef = 648F281EAFCF96EED93F0081 /* AttributeCell.swift */; };
		648F28DD237CF47DB27480AE /* GATT-characteristics.plist in Resources */ = {isa = PBXBuildFile; fileRef = 648F2EBCCB4C689400F5B991 /* GATT-characteristics.plist */; };
		648F2944EB60415BC9BDEAC8 /* BLEMainViewController.swift in Sources */ = {isa = PBXBuildFile; fileRef = 648F2240345098A0867EFFC7 /* BLEMainViewController.swift */; };
		648F296E5EC081B294488CFA /* IntelHex2BinConverter.m in Sources */ = {isa = PBXBuildFile; fileRef = 648F2D7FA54AE2E0E3A36070 /* IntelHex2BinConverter.m */; };
		648F2B1207EAB22054FCD2A7 /* BLEAppDelegate.swift in Sources */ = {isa = PBXBuildFile; fileRef = 648F20C93AFC396D372BDAE0 /* BLEAppDelegate.swift */; };
		648F2B787CC1D191B0AD9ABD /* XMLDictionary.m in Sources */ = {isa = PBXBuildFile; fileRef = 648F2574A915AAD6C6066E60 /* XMLDictionary.m */; };
		648F2BDCEBDE7DA8923E1EC4 /* ControllerViewController.swift in Sources */ = {isa = PBXBuildFile; fileRef = 648F27C5CEB6B52AA5535550 /* ControllerViewController.swift */; };
		648F2C131297796770D2CC23 /* BLEMainViewController.xib in Resources */ = {isa = PBXBuildFile; fileRef = 648F2E84DD561D98AF191E2B /* BLEMainViewController.xib */; };
		648F2C93F71B3DDF8EACE8F6 /* DeviceInfoViewController.xib in Resources */ = {isa = PBXBuildFile; fileRef = 648F2377CF810C6577AFAC72 /* DeviceInfoViewController.xib */; };
		648F2CAABAB0415C5EF1A08F /* BLEInfo.swift in Sources */ = {isa = PBXBuildFile; fileRef = 648F2BB3F2A28AEEE7FC9869 /* BLEInfo.swift */; };
		648F2CD6571E1AF3883A960D /* BLEOperations.m in Sources */ = {isa = PBXBuildFile; fileRef = 648F22483BF60C5985D922DA /* BLEOperations.m */; };
		648F2D1056CDFA9AA35B10B7 /* PinCell.swift in Sources */ = {isa = PBXBuildFile; fileRef = 648F2D26865DCB17A772B7E1 /* PinCell.swift */; };
		648F2D5FBC2A38E1E68EC3C2 /* SensorValueCell.xib in Resources */ = {isa = PBXBuildFile; fileRef = 648F2DF8F3F024A5ED51311D /* SensorValueCell.xib */; };
		648F2D8D260B05A645628BC9 /* BLESensorButton.swift in Sources */ = {isa = PBXBuildFile; fileRef = 648F25E287FA3A89F8A2B318 /* BLESensorButton.swift */; };
		648F2DBE0A2E77C9A948E739 /* UARTViewController.swift in Sources */ = {isa = PBXBuildFile; fileRef = 648F28D6C755EC0C67E8389E /* UARTViewController.swift */; };
		648F2EB963F71E4339E50FB3 /* PinIOViewController.xib in Resources */ = {isa = PBXBuildFile; fileRef = 648F2A1DE9D9B0D84544ECC0 /* PinIOViewController.xib */; };
		648F2F2FC6285AFCF2AD6733 /* HelpViewController.swift in Sources */ = {isa = PBXBuildFile; fileRef = 648F2D61A196C62EC6B52CA4 /* HelpViewController.swift */; };
		648F2F6A18A7EB499E2EF141 /* Constants.swift in Sources */ = {isa = PBXBuildFile; fileRef = 648F25803D43C33B0CD7A922 /* Constants.swift */; };
		7984B8D01FAD341B00C911E8 /* Assets.xcassets in Resources */ = {isa = PBXBuildFile; fileRef = 7984B8CF1FAD341B00C911E8 /* Assets.xcassets */; };
		7984B8DE1FAD341B00C911E8 /* paddlemaxiosTests.swift in Sources */ = {isa = PBXBuildFile; fileRef = 7984B8DD1FAD341B00C911E8 /* paddlemaxiosTests.swift */; };
		7984B8E91FAD341B00C911E8 /* paddlemaxiosUITests.swift in Sources */ = {isa = PBXBuildFile; fileRef = 7984B8E81FAD341B00C911E8 /* paddlemaxiosUITests.swift */; };
/* End PBXBuildFile section */

/* Begin PBXContainerItemProxy section */
		7984B8DA1FAD341B00C911E8 /* PBXContainerItemProxy */ = {
			isa = PBXContainerItemProxy;
			containerPortal = 7984B8BD1FAD341B00C911E8 /* Project object */;
			proxyType = 1;
			remoteGlobalIDString = 7984B8C41FAD341B00C911E8;
			remoteInfo = paddlemaxios;
		};
		7984B8E51FAD341B00C911E8 /* PBXContainerItemProxy */ = {
			isa = PBXContainerItemProxy;
			containerPortal = 7984B8BD1FAD341B00C911E8 /* Project object */;
			proxyType = 1;
			remoteGlobalIDString = 7984B8C41FAD341B00C911E8;
			remoteInfo = paddlemaxios;
		};
/* End PBXContainerItemProxy section */

/* Begin PBXFileReference section */
		648F2004577F9C5362D328A6 /* BLEDevice.swift */ = {isa = PBXFileReference; fileEncoding = 4; lastKnownFileType = sourcecode.swift; path = BLEDevice.swift; sourceTree = "<group>"; };
		648F20238A854F87EE475A95 /* DeviceInfoViewController.swift */ = {isa = PBXFileReference; fileEncoding = 4; lastKnownFileType = sourcecode.swift; path = DeviceInfoViewController.swift; sourceTree = "<group>"; };
		648F20B008B44D8BF9BB82AB /* Utility.m */ = {isa = PBXFileReference; fileEncoding = 4; lastKnownFileType = sourcecode.c.objc; path = Utility.m; sourceTree = "<group>"; };
		648F20C93AFC396D372BDAE0 /* BLEAppDelegate.swift */ = {isa = PBXFileReference; fileEncoding = 4; lastKnownFileType = sourcecode.swift; path = BLEAppDelegate.swift; sourceTree = "<group>"; };
		648F20E620DD183A0DBC05C9 /* Utility.h */ = {isa = PBXFileReference; fileEncoding = 4; lastKnownFileType = sourcecode.c.h; path = Utility.h; sourceTree = "<group>"; };
		648F220BBD8C0393281BEB21 /* IntelHex2BinConverter.h */ = {isa = PBXFileReference; fileEncoding = 4; lastKnownFileType = sourcecode.c.h; path = IntelHex2BinConverter.h; sourceTree = "<group>"; };
		648F2240345098A0867EFFC7 /* BLEMainViewController.swift */ = {isa = PBXFileReference; fileEncoding = 4; lastKnownFileType = sourcecode.swift; path = BLEMainViewController.swift; sourceTree = "<group>"; };
		648F22483BF60C5985D922DA /* BLEOperations.m */ = {isa = PBXFileReference; fileEncoding = 4; lastKnownFileType = sourcecode.c.objc; path = BLEOperations.m; sourceTree = "<group>"; };
		648F225A24F1A688F30BC824 /* Extensions.swift */ = {isa = PBXFileReference; fileEncoding = 4; lastKnownFileType = sourcecode.swift; path = Extensions.swift; sourceTree = "<group>"; };
		648F2337588941235A03975B /* BLEOperations.h */ = {isa = PBXFileReference; fileEncoding = 4; lastKnownFileType = sourcecode.c.h; path = BLEOperations.h; sourceTree = "<group>"; };
		648F2377CF810C6577AFAC72 /* DeviceInfoViewController.xib */ = {isa = PBXFileReference; lastKnownFileType = file.xib; path = DeviceInfoViewController.xib; sourceTree = "<group>"; };
		648F2419A127DC5986A990F5 /* LogHelper.h */ = {isa = PBXFileReference; fileEncoding = 4; lastKnownFileType = sourcecode.c.h; path = LogHelper.h; sourceTree = "<group>"; };
		648F2504F80ADFE3D9B8BDF4 /* DeviceListViewController.xib */ = {isa = PBXFileReference; lastKnownFileType = file.xib; path = DeviceListViewController.xib; sourceTree = "<group>"; };
		648F2574A915AAD6C6066E60 /* XMLDictionary.m */ = {isa = PBXFileReference; fileEncoding = 4; lastKnownFileType = sourcecode.c.objc; path = XMLDictionary.m; sourceTree = "<group>"; };
		648F25803D43C33B0CD7A922 /* Constants.swift */ = {isa = PBXFileReference; fileEncoding = 4; lastKnownFileType = sourcecode.swift; path = Constants.swift; sourceTree = "<group>"; };
		648F25E287FA3A89F8A2B318 /* BLESensorButton.swift */ = {isa = PBXFileReference; fileEncoding = 4; lastKnownFileType = sourcecode.swift; path = BLESensorButton.swift; sourceTree = "<group>"; };
		648F27C5CEB6B52AA5535550 /* ControllerViewController.swift */ = {isa = PBXFileReference; fileEncoding = 4; lastKnownFileType = sourcecode.swift; path = ControllerViewController.swift; sourceTree = "<group>"; };
		648F281EAFCF96EED93F0081 /* AttributeCell.swift */ = {isa = PBXFileReference; fileEncoding = 4; lastKnownFileType = sourcecode.swift; path = AttributeCell.swift; sourceTree = "<group>"; };
		648F28D6C755EC0C67E8389E /* UARTViewController.swift */ = {isa = PBXFileReference; fileEncoding = 4; lastKnownFileType = sourcecode.swift; path = UARTViewController.swift; sourceTree = "<group>"; };
		648F2A1DE9D9B0D84544ECC0 /* PinIOViewController.xib */ = {isa = PBXFileReference; lastKnownFileType = file.xib; path = PinIOViewController.xib; sourceTree = "<group>"; };
		648F2A9C35C6B713B656919A /* DeviceCell.swift */ = {isa = PBXFileReference; fileEncoding = 4; lastKnownFileType = sourcecode.swift; path = DeviceCell.swift; sourceTree = "<group>"; };
		648F2AAC43ADFB294E907D9A /* SensorValueCell.swift */ = {isa = PBXFileReference; fileEncoding = 4; lastKnownFileType = sourcecode.swift; path = SensorValueCell.swift; sourceTree = "<group>"; };
		648F2AE97A3813A0D35B99B0 /* ControllerViewController.xib */ = {isa = PBXFileReference; lastKnownFileType = file.xib; path = ControllerViewController.xib; sourceTree = "<group>"; };
		648F2BB3F2A28AEEE7FC9869 /* BLEInfo.swift */ = {isa = PBXFileReference; fileEncoding = 4; lastKnownFileType = sourcecode.swift; path = BLEInfo.swift; sourceTree = "<group>"; };
		648F2CD19DF3D6620C85F536 /* BLEPeripheral.swift */ = {isa = PBXFileReference; fileEncoding = 4; lastKnownFileType = sourcecode.swift; path = BLEPeripheral.swift; sourceTree = "<group>"; };
		648F2D26865DCB17A772B7E1 /* PinCell.swift */ = {isa = PBXFileReference; fileEncoding = 4; lastKnownFileType = sourcecode.swift; path = PinCell.swift; sourceTree = "<group>"; };
		648F2D61A196C62EC6B52CA4 /* HelpViewController.swift */ = {isa = PBXFileReference; fileEncoding = 4; lastKnownFileType = sourcecode.swift; path = HelpViewController.swift; sourceTree = "<group>"; };
		648F2D7FA54AE2E0E3A36070 /* IntelHex2BinConverter.m */ = {isa = PBXFileReference; fileEncoding = 4; lastKnownFileType = sourcecode.c.objc; path = IntelHex2BinConverter.m; sourceTree = "<group>"; };
		648F2DBF1842FD828F0F718F /* DeviceListViewController.swift */ = {isa = PBXFileReference; fileEncoding = 4; lastKnownFileType = sourcecode.swift; path = DeviceListViewController.swift; sourceTree = "<group>"; };
		648F2DF8F3F024A5ED51311D /* SensorValueCell.xib */ = {isa = PBXFileReference; lastKnownFileType = file.xib; path = SensorValueCell.xib; sourceTree = "<group>"; };
		648F2E3A85ED450362C60362 /* PinIOViewController.swift */ = {isa = PBXFileReference; fileEncoding = 4; lastKnownFileType = sourcecode.swift; path = PinIOViewController.swift; sourceTree = "<group>"; };
		648F2E84DD561D98AF191E2B /* BLEMainViewController.xib */ = {isa = PBXFileReference; lastKnownFileType = file.xib; path = BLEMainViewController.xib; sourceTree = "<group>"; };
		648F2EBCCB4C689400F5B991 /* GATT-characteristics.plist */ = {isa = PBXFileReference; fileEncoding = 4; lastKnownFileType = text.plist; path = "GATT-characteristics.plist"; sourceTree = "<group>"; };
		648F2F2A3CED08FFC9322E5D /* XMLDictionary.h */ = {isa = PBXFileReference; fileEncoding = 4; lastKnownFileType = sourcecode.c.h; path = XMLDictionary.h; sourceTree = "<group>"; };
		7984B8C51FAD341B00C911E8 /* paddlemaxios.app */ = {isa = PBXFileReference; explicitFileType = wrapper.application; includeInIndex = 0; path = paddlemaxios.app; sourceTree = BUILT_PRODUCTS_DIR; };
		7984B8CF1FAD341B00C911E8 /* Assets.xcassets */ = {isa = PBXFileReference; lastKnownFileType = folder.assetcatalog; path = Assets.xcassets; sourceTree = "<group>"; };
		7984B8D41FAD341B00C911E8 /* Info.plist */ = {isa = PBXFileReference; lastKnownFileType = text.plist.xml; path = Info.plist; sourceTree = "<group>"; };
		7984B8D91FAD341B00C911E8 /* paddlemaxiosTests.xctest */ = {isa = PBXFileReference; explicitFileType = wrapper.cfbundle; includeInIndex = 0; path = paddlemaxiosTests.xctest; sourceTree = BUILT_PRODUCTS_DIR; };
		7984B8DD1FAD341B00C911E8 /* paddlemaxiosTests.swift */ = {isa = PBXFileReference; lastKnownFileType = sourcecode.swift; path = paddlemaxiosTests.swift; sourceTree = "<group>"; };
		7984B8DF1FAD341B00C911E8 /* Info.plist */ = {isa = PBXFileReference; lastKnownFileType = text.plist.xml; path = Info.plist; sourceTree = "<group>"; };
		7984B8E41FAD341B00C911E8 /* paddlemaxiosUITests.xctest */ = {isa = PBXFileReference; explicitFileType = wrapper.cfbundle; includeInIndex = 0; path = paddlemaxiosUITests.xctest; sourceTree = BUILT_PRODUCTS_DIR; };
		7984B8E81FAD341B00C911E8 /* paddlemaxiosUITests.swift */ = {isa = PBXFileReference; lastKnownFileType = sourcecode.swift; path = paddlemaxiosUITests.swift; sourceTree = "<group>"; };
		7984B8EA1FAD341B00C911E8 /* Info.plist */ = {isa = PBXFileReference; lastKnownFileType = text.plist.xml; path = Info.plist; sourceTree = "<group>"; };
		7984B8F61FAD38E900C911E8 /* paddlemaxios-Bridging-Header.h */ = {isa = PBXFileReference; lastKnownFileType = sourcecode.c.h; path = "paddlemaxios-Bridging-Header.h"; sourceTree = "<group>"; };
/* End PBXFileReference section */

/* Begin PBXFrameworksBuildPhase section */
		7984B8C21FAD341B00C911E8 /* Frameworks */ = {
			isa = PBXFrameworksBuildPhase;
			buildActionMask = 2147483647;
			files = (
			);
			runOnlyForDeploymentPostprocessing = 0;
		};
		7984B8D61FAD341B00C911E8 /* Frameworks */ = {
			isa = PBXFrameworksBuildPhase;
			buildActionMask = 2147483647;
			files = (
			);
			runOnlyForDeploymentPostprocessing = 0;
		};
		7984B8E11FAD341B00C911E8 /* Frameworks */ = {
			isa = PBXFrameworksBuildPhase;
			buildActionMask = 2147483647;
			files = (
			);
			runOnlyForDeploymentPostprocessing = 0;
		};
/* End PBXFrameworksBuildPhase section */

/* Begin PBXGroup section */
		7984B8BC1FAD341B00C911E8 = {
			isa = PBXGroup;
			children = (
				7984B8C71FAD341B00C911E8 /* paddlemaxios */,
				7984B8DC1FAD341B00C911E8 /* paddlemaxiosTests */,
				7984B8E71FAD341B00C911E8 /* paddlemaxiosUITests */,
				7984B8C61FAD341B00C911E8 /* Products */,
			);
			sourceTree = "<group>";
		};
		7984B8C61FAD341B00C911E8 /* Products */ = {
			isa = PBXGroup;
			children = (
				7984B8C51FAD341B00C911E8 /* paddlemaxios.app */,
				7984B8D91FAD341B00C911E8 /* paddlemaxiosTests.xctest */,
				7984B8E41FAD341B00C911E8 /* paddlemaxiosUITests.xctest */,
			);
			name = Products;
			sourceTree = "<group>";
		};
		7984B8C71FAD341B00C911E8 /* paddlemaxios */ = {
			isa = PBXGroup;
			children = (
				7984B8CF1FAD341B00C911E8 /* Assets.xcassets */,
				7984B8D41FAD341B00C911E8 /* Info.plist */,
				648F20C93AFC396D372BDAE0 /* BLEAppDelegate.swift */,
				648F2004577F9C5362D328A6 /* BLEDevice.swift */,
				648F2BB3F2A28AEEE7FC9869 /* BLEInfo.swift */,
				648F2240345098A0867EFFC7 /* BLEMainViewController.swift */,
				648F2337588941235A03975B /* BLEOperations.h */,
				648F22483BF60C5985D922DA /* BLEOperations.m */,
				648F2CD19DF3D6620C85F536 /* BLEPeripheral.swift */,
				648F25E287FA3A89F8A2B318 /* BLESensorButton.swift */,
				648F25803D43C33B0CD7A922 /* Constants.swift */,
				648F27C5CEB6B52AA5535550 /* ControllerViewController.swift */,
				648F2AE97A3813A0D35B99B0 /* ControllerViewController.xib */,
				648F2A9C35C6B713B656919A /* DeviceCell.swift */,
				648F20238A854F87EE475A95 /* DeviceInfoViewController.swift */,
				648F2377CF810C6577AFAC72 /* DeviceInfoViewController.xib */,
				648F2DBF1842FD828F0F718F /* DeviceListViewController.swift */,
				648F2504F80ADFE3D9B8BDF4 /* DeviceListViewController.xib */,
				648F225A24F1A688F30BC824 /* Extensions.swift */,
				648F2EBCCB4C689400F5B991 /* GATT-characteristics.plist */,
				648F2D61A196C62EC6B52CA4 /* HelpViewController.swift */,
				648F220BBD8C0393281BEB21 /* IntelHex2BinConverter.h */,
				648F2D7FA54AE2E0E3A36070 /* IntelHex2BinConverter.m */,
				648F2419A127DC5986A990F5 /* LogHelper.h */,
				648F2E3A85ED450362C60362 /* PinIOViewController.swift */,
				648F2A1DE9D9B0D84544ECC0 /* PinIOViewController.xib */,
				648F2AAC43ADFB294E907D9A /* SensorValueCell.swift */,
				648F2DF8F3F024A5ED51311D /* SensorValueCell.xib */,
				648F28D6C755EC0C67E8389E /* UARTViewController.swift */,
				648F20E620DD183A0DBC05C9 /* Utility.h */,
				648F20B008B44D8BF9BB82AB /* Utility.m */,
				648F2F2A3CED08FFC9322E5D /* XMLDictionary.h */,
				648F2574A915AAD6C6066E60 /* XMLDictionary.m */,
				7984B8F61FAD38E900C911E8 /* paddlemaxios-Bridging-Header.h */,
				648F2E84DD561D98AF191E2B /* BLEMainViewController.xib */,
				648F281EAFCF96EED93F0081 /* AttributeCell.swift */,
				648F2D26865DCB17A772B7E1 /* PinCell.swift */,
			);
			path = paddlemaxios;
			sourceTree = "<group>";
		};
		7984B8DC1FAD341B00C911E8 /* paddlemaxiosTests */ = {
			isa = PBXGroup;
			children = (
				7984B8DD1FAD341B00C911E8 /* paddlemaxiosTests.swift */,
				7984B8DF1FAD341B00C911E8 /* Info.plist */,
			);
			path = paddlemaxiosTests;
			sourceTree = "<group>";
		};
		7984B8E71FAD341B00C911E8 /* paddlemaxiosUITests */ = {
			isa = PBXGroup;
			children = (
				7984B8E81FAD341B00C911E8 /* paddlemaxiosUITests.swift */,
				7984B8EA1FAD341B00C911E8 /* Info.plist */,
			);
			path = paddlemaxiosUITests;
			sourceTree = "<group>";
		};
/* End PBXGroup section */

/* Begin PBXNativeTarget section */
		7984B8C41FAD341B00C911E8 /* paddlemaxios */ = {
			isa = PBXNativeTarget;
			buildConfigurationList = 7984B8ED1FAD341C00C911E8 /* Build configuration list for PBXNativeTarget "paddlemaxios" */;
			buildPhases = (
				7984B8C11FAD341B00C911E8 /* Sources */,
				7984B8C21FAD341B00C911E8 /* Frameworks */,
				7984B8C31FAD341B00C911E8 /* Resources */,
			);
			buildRules = (
			);
			dependencies = (
			);
			name = paddlemaxios;
			productName = paddlemaxios;
			productReference = 7984B8C51FAD341B00C911E8 /* paddlemaxios.app */;
			productType = "com.apple.product-type.application";
		};
		7984B8D81FAD341B00C911E8 /* paddlemaxiosTests */ = {
			isa = PBXNativeTarget;
			buildConfigurationList = 7984B8F01FAD341C00C911E8 /* Build configuration list for PBXNativeTarget "paddlemaxiosTests" */;
			buildPhases = (
				7984B8D51FAD341B00C911E8 /* Sources */,
				7984B8D61FAD341B00C911E8 /* Frameworks */,
				7984B8D71FAD341B00C911E8 /* Resources */,
			);
			buildRules = (
			);
			dependencies = (
				7984B8DB1FAD341B00C911E8 /* PBXTargetDependency */,
			);
			name = paddlemaxiosTests;
			productName = paddlemaxiosTests;
			productReference = 7984B8D91FAD341B00C911E8 /* paddlemaxiosTests.xctest */;
			productType = "com.apple.product-type.bundle.unit-test";
		};
		7984B8E31FAD341B00C911E8 /* paddlemaxiosUITests */ = {
			isa = PBXNativeTarget;
			buildConfigurationList = 7984B8F31FAD341C00C911E8 /* Build configuration list for PBXNativeTarget "paddlemaxiosUITests" */;
			buildPhases = (
				7984B8E01FAD341B00C911E8 /* Sources */,
				7984B8E11FAD341B00C911E8 /* Frameworks */,
				7984B8E21FAD341B00C911E8 /* Resources */,
			);
			buildRules = (
			);
			dependencies = (
				7984B8E61FAD341B00C911E8 /* PBXTargetDependency */,
			);
			name = paddlemaxiosUITests;
			productName = paddlemaxiosUITests;
			productReference = 7984B8E41FAD341B00C911E8 /* paddlemaxiosUITests.xctest */;
			productType = "com.apple.product-type.bundle.ui-testing";
		};
/* End PBXNativeTarget section */

/* Begin PBXProject section */
		7984B8BD1FAD341B00C911E8 /* Project object */ = {
			isa = PBXProject;
			attributes = {
				LastSwiftUpdateCheck = 0830;
				LastUpgradeCheck = 0910;
				ORGANIZATIONNAME = "Paddle Max";
				TargetAttributes = {
					7984B8C41FAD341B00C911E8 = {
						CreatedOnToolsVersion = 8.3.3;
						DevelopmentTeam = 3K7MWNCT43;
						ProvisioningStyle = Automatic;
					};
					7984B8D81FAD341B00C911E8 = {
						CreatedOnToolsVersion = 8.3.3;
						DevelopmentTeam = 3K7MWNCT43;
						ProvisioningStyle = Automatic;
						TestTargetID = 7984B8C41FAD341B00C911E8;
					};
					7984B8E31FAD341B00C911E8 = {
						CreatedOnToolsVersion = 8.3.3;
						DevelopmentTeam = 3K7MWNCT43;
						ProvisioningStyle = Automatic;
						TestTargetID = 7984B8C41FAD341B00C911E8;
					};
				};
			};
			buildConfigurationList = 7984B8C01FAD341B00C911E8 /* Build configuration list for PBXProject "paddlemaxios" */;
			compatibilityVersion = "Xcode 3.2";
			developmentRegion = English;
			hasScannedForEncodings = 0;
			knownRegions = (
				en,
				Base,
			);
			mainGroup = 7984B8BC1FAD341B00C911E8;
			productRefGroup = 7984B8C61FAD341B00C911E8 /* Products */;
			projectDirPath = "";
			projectRoot = "";
			targets = (
				7984B8C41FAD341B00C911E8 /* paddlemaxios */,
				7984B8D81FAD341B00C911E8 /* paddlemaxiosTests */,
				7984B8E31FAD341B00C911E8 /* paddlemaxiosUITests */,
			);
		};
/* End PBXProject section */

/* Begin PBXResourcesBuildPhase section */
		7984B8C31FAD341B00C911E8 /* Resources */ = {
			isa = PBXResourcesBuildPhase;
			buildActionMask = 2147483647;
			files = (
				7984B8D01FAD341B00C911E8 /* Assets.xcassets in Resources */,
				648F2832BDC064030B2ABCD9 /* ControllerViewController.xib in Resources */,
				648F2C93F71B3DDF8EACE8F6 /* DeviceInfoViewController.xib in Resources */,
				648F2734D3B25119FD2025ED /* DeviceListViewController.xib in Resources */,
				648F28DD237CF47DB27480AE /* GATT-characteristics.plist in Resources */,
				648F2EB963F71E4339E50FB3 /* PinIOViewController.xib in Resources */,
				648F2D5FBC2A38E1E68EC3C2 /* SensorValueCell.xib in Resources */,
				648F2C131297796770D2CC23 /* BLEMainViewController.xib in Resources */,
			);
			runOnlyForDeploymentPostprocessing = 0;
		};
		7984B8D71FAD341B00C911E8 /* Resources */ = {
			isa = PBXResourcesBuildPhase;
			buildActionMask = 2147483647;
			files = (
			);
			runOnlyForDeploymentPostprocessing = 0;
		};
		7984B8E21FAD341B00C911E8 /* Resources */ = {
			isa = PBXResourcesBuildPhase;
			buildActionMask = 2147483647;
			files = (
			);
			runOnlyForDeploymentPostprocessing = 0;
		};
/* End PBXResourcesBuildPhase section */

/* Begin PBXSourcesBuildPhase section */
		7984B8C11FAD341B00C911E8 /* Sources */ = {
			isa = PBXSourcesBuildPhase;
			buildActionMask = 2147483647;
			files = (
				648F2B1207EAB22054FCD2A7 /* BLEAppDelegate.swift in Sources */,
				648F21BEF07D19490275D6D8 /* BLEDevice.swift in Sources */,
				648F2CAABAB0415C5EF1A08F /* BLEInfo.swift in Sources */,
				648F2944EB60415BC9BDEAC8 /* BLEMainViewController.swift in Sources */,
				648F2CD6571E1AF3883A960D /* BLEOperations.m in Sources */,
				648F202623A5492D94B99B46 /* BLEPeripheral.swift in Sources */,
				648F2D8D260B05A645628BC9 /* BLESensorButton.swift in Sources */,
				648F2F6A18A7EB499E2EF141 /* Constants.swift in Sources */,
				648F2BDCEBDE7DA8923E1EC4 /* ControllerViewController.swift in Sources */,
				648F20AC7FDB3C614BDC0FC0 /* DeviceCell.swift in Sources */,
				648F28179D2B32E9AE414070 /* DeviceInfoViewController.swift in Sources */,
				648F2193D195C69B8826ADA7 /* DeviceListViewController.swift in Sources */,
				648F265935B891A9E87C49A8 /* Extensions.swift in Sources */,
				648F2F2FC6285AFCF2AD6733 /* HelpViewController.swift in Sources */,
				648F296E5EC081B294488CFA /* IntelHex2BinConverter.m in Sources */,
				648F26EED99FC774535AD6B5 /* PinIOViewController.swift in Sources */,
				648F203E5E9543492CBDCB54 /* SensorValueCell.swift in Sources */,
				648F2DBE0A2E77C9A948E739 /* UARTViewController.swift in Sources */,
				648F255C8DF02AEB54BC3DBB /* Utility.m in Sources */,
				648F2B787CC1D191B0AD9ABD /* XMLDictionary.m in Sources */,
				648F2877F7E8AD95F5DE8187 /* AttributeCell.swift in Sources */,
				648F2D1056CDFA9AA35B10B7 /* PinCell.swift in Sources */,
			);
			runOnlyForDeploymentPostprocessing = 0;
		};
		7984B8D51FAD341B00C911E8 /* Sources */ = {
			isa = PBXSourcesBuildPhase;
			buildActionMask = 2147483647;
			files = (
				7984B8DE1FAD341B00C911E8 /* paddlemaxiosTests.swift in Sources */,
			);
			runOnlyForDeploymentPostprocessing = 0;
		};
		7984B8E01FAD341B00C911E8 /* Sources */ = {
			isa = PBXSourcesBuildPhase;
			buildActionMask = 2147483647;
			files = (
				7984B8E91FAD341B00C911E8 /* paddlemaxiosUITests.swift in Sources */,
			);
			runOnlyForDeploymentPostprocessing = 0;
		};
/* End PBXSourcesBuildPhase section */

/* Begin PBXTargetDependency section */
		7984B8DB1FAD341B00C911E8 /* PBXTargetDependency */ = {
			isa = PBXTargetDependency;
			target = 7984B8C41FAD341B00C911E8 /* paddlemaxios */;
			targetProxy = 7984B8DA1FAD341B00C911E8 /* PBXContainerItemProxy */;
		};
		7984B8E61FAD341B00C911E8 /* PBXTargetDependency */ = {
			isa = PBXTargetDependency;
			target = 7984B8C41FAD341B00C911E8 /* paddlemaxios */;
			targetProxy = 7984B8E51FAD341B00C911E8 /* PBXContainerItemProxy */;
		};
/* End PBXTargetDependency section */

/* Begin XCBuildConfiguration section */
		7984B8EB1FAD341C00C911E8 /* Debug */ = {
			isa = XCBuildConfiguration;
			buildSettings = {
				ALWAYS_SEARCH_USER_PATHS = NO;
				CLANG_ANALYZER_NONNULL = YES;
				CLANG_ANALYZER_NUMBER_OBJECT_CONVERSION = YES_AGGRESSIVE;
				CLANG_CXX_LANGUAGE_STANDARD = "gnu++0x";
				CLANG_CXX_LIBRARY = "libc++";
				CLANG_ENABLE_MODULES = YES;
				CLANG_ENABLE_OBJC_ARC = YES;
				CLANG_WARN_BLOCK_CAPTURE_AUTORELEASING = YES;
				CLANG_WARN_BOOL_CONVERSION = YES;
				CLANG_WARN_COMMA = YES;
				CLANG_WARN_CONSTANT_CONVERSION = YES;
				CLANG_WARN_DIRECT_OBJC_ISA_USAGE = YES_ERROR;
				CLANG_WARN_DOCUMENTATION_COMMENTS = YES;
				CLANG_WARN_EMPTY_BODY = YES;
				CLANG_WARN_ENUM_CONVERSION = YES;
				CLANG_WARN_INFINITE_RECURSION = YES;
				CLANG_WARN_INT_CONVERSION = YES;
				CLANG_WARN_NON_LITERAL_NULL_CONVERSION = YES;
				CLANG_WARN_OBJC_LITERAL_CONVERSION = YES;
				CLANG_WARN_OBJC_ROOT_CLASS = YES_ERROR;
				CLANG_WARN_RANGE_LOOP_ANALYSIS = YES;
				CLANG_WARN_STRICT_PROTOTYPES = YES;
				CLANG_WARN_SUSPICIOUS_MOVE = YES;
				CLANG_WARN_UNREACHABLE_CODE = YES;
				CLANG_WARN__DUPLICATE_METHOD_MATCH = YES;
				"CODE_SIGN_IDENTITY[sdk=iphoneos*]" = "iPhone Developer";
				COPY_PHASE_STRIP = NO;
				DEBUG_INFORMATION_FORMAT = dwarf;
				ENABLE_STRICT_OBJC_MSGSEND = YES;
				ENABLE_TESTABILITY = YES;
				GCC_C_LANGUAGE_STANDARD = gnu99;
				GCC_DYNAMIC_NO_PIC = NO;
				GCC_NO_COMMON_BLOCKS = YES;
				GCC_OPTIMIZATION_LEVEL = 0;
				GCC_PREPROCESSOR_DEFINITIONS = (
					"DEBUG=1",
					"$(inherited)",
				);
				GCC_WARN_64_TO_32_BIT_CONVERSION = YES;
				GCC_WARN_ABOUT_RETURN_TYPE = YES_ERROR;
				GCC_WARN_UNDECLARED_SELECTOR = YES;
				GCC_WARN_UNINITIALIZED_AUTOS = YES_AGGRESSIVE;
				GCC_WARN_UNUSED_FUNCTION = YES;
				GCC_WARN_UNUSED_VARIABLE = YES;
				IPHONEOS_DEPLOYMENT_TARGET = 10.3;
				MTL_ENABLE_DEBUG_INFO = YES;
				ONLY_ACTIVE_ARCH = YES;
				SDKROOT = iphoneos;
				SWIFT_ACTIVE_COMPILATION_CONDITIONS = DEBUG;
				SWIFT_OPTIMIZATION_LEVEL = "-Onone";
				SWIFT_VERSION = 4.0;
				TARGETED_DEVICE_FAMILY = "1,2";
			};
			name = Debug;
		};
		7984B8EC1FAD341C00C911E8 /* Release */ = {
			isa = XCBuildConfiguration;
			buildSettings = {
				ALWAYS_SEARCH_USER_PATHS = NO;
				CLANG_ANALYZER_NONNULL = YES;
				CLANG_ANALYZER_NUMBER_OBJECT_CONVERSION = YES_AGGRESSIVE;
				CLANG_CXX_LANGUAGE_STANDARD = "gnu++0x";
				CLANG_CXX_LIBRARY = "libc++";
				CLANG_ENABLE_MODULES = YES;
				CLANG_ENABLE_OBJC_ARC = YES;
				CLANG_WARN_BLOCK_CAPTURE_AUTORELEASING = YES;
				CLANG_WARN_BOOL_CONVERSION = YES;
				CLANG_WARN_COMMA = YES;
				CLANG_WARN_CONSTANT_CONVERSION = YES;
				CLANG_WARN_DIRECT_OBJC_ISA_USAGE = YES_ERROR;
				CLANG_WARN_DOCUMENTATION_COMMENTS = YES;
				CLANG_WARN_EMPTY_BODY = YES;
				CLANG_WARN_ENUM_CONVERSION = YES;
				CLANG_WARN_INFINITE_RECURSION = YES;
				CLANG_WARN_INT_CONVERSION = YES;
				CLANG_WARN_NON_LITERAL_NULL_CONVERSION = YES;
				CLANG_WARN_OBJC_LITERAL_CONVERSION = YES;
				CLANG_WARN_OBJC_ROOT_CLASS = YES_ERROR;
				CLANG_WARN_RANGE_LOOP_ANALYSIS = YES;
				CLANG_WARN_STRICT_PROTOTYPES = YES;
				CLANG_WARN_SUSPICIOUS_MOVE = YES;
				CLANG_WARN_UNREACHABLE_CODE = YES;
				CLANG_WARN__DUPLICATE_METHOD_MATCH = YES;
				"CODE_SIGN_IDENTITY[sdk=iphoneos*]" = "iPhone Developer";
				COPY_PHASE_STRIP = NO;
				DEBUG_INFORMATION_FORMAT = "dwarf-with-dsym";
				ENABLE_NS_ASSERTIONS = NO;
				ENABLE_STRICT_OBJC_MSGSEND = YES;
				GCC_C_LANGUAGE_STANDARD = gnu99;
				GCC_NO_COMMON_BLOCKS = YES;
				GCC_WARN_64_TO_32_BIT_CONVERSION = YES;
				GCC_WARN_ABOUT_RETURN_TYPE = YES_ERROR;
				GCC_WARN_UNDECLARED_SELECTOR = YES;
				GCC_WARN_UNINITIALIZED_AUTOS = YES_AGGRESSIVE;
				GCC_WARN_UNUSED_FUNCTION = YES;
				GCC_WARN_UNUSED_VARIABLE = YES;
				IPHONEOS_DEPLOYMENT_TARGET = 10.3;
				MTL_ENABLE_DEBUG_INFO = NO;
				SDKROOT = iphoneos;
				SWIFT_OPTIMIZATION_LEVEL = "-Owholemodule";
				SWIFT_VERSION = 4.0;
				TARGETED_DEVICE_FAMILY = "1,2";
				VALIDATE_PRODUCT = YES;
			};
			name = Release;
		};
		7984B8EE1FAD341C00C911E8 /* Debug */ = {
			isa = XCBuildConfiguration;
			buildSettings = {
				ASSETCATALOG_COMPILER_APPICON_NAME = AppIcon;
				DEVELOPMENT_TEAM = 3K7MWNCT43;
				INFOPLIST_FILE = paddlemaxios/Info.plist;
				LD_RUNPATH_SEARCH_PATHS = "$(inherited) @executable_path/Frameworks";
				PRODUCT_BUNDLE_IDENTIFIER = com.paddlemax.paddlemaxios;
				PRODUCT_NAME = "$(TARGET_NAME)";
				SWIFT_OBJC_BRIDGING_HEADER = "$(PROJECT_DIR)/$(PROJECT_NAME)/$(PROJECT_NAME)-Bridging-Header.h";
				SWIFT_VERSION = 4.0;
			};
			name = Debug;
		};
		7984B8EF1FAD341C00C911E8 /* Release */ = {
			isa = XCBuildConfiguration;
			buildSettings = {
				ASSETCATALOG_COMPILER_APPICON_NAME = AppIcon;
				DEVELOPMENT_TEAM = 3K7MWNCT43;
				INFOPLIST_FILE = paddlemaxios/Info.plist;
				LD_RUNPATH_SEARCH_PATHS = "$(inherited) @executable_path/Frameworks";
				PRODUCT_BUNDLE_IDENTIFIER = com.paddlemax.paddlemaxios;
				PRODUCT_NAME = "$(TARGET_NAME)";
				SWIFT_OBJC_BRIDGING_HEADER = "$(PROJECT_DIR)/$(PROJECT_NAME)/$(PROJECT_NAME)-Bridging-Header.h";
				SWIFT_VERSION = 4.0;
			};
			name = Release;
		};
		7984B8F11FAD341C00C911E8 /* Debug */ = {
			isa = XCBuildConfiguration;
			buildSettings = {
				BUNDLE_LOADER = "$(TEST_HOST)";
				DEVELOPMENT_TEAM = 3K7MWNCT43;
				INFOPLIST_FILE = paddlemaxiosTests/Info.plist;
				LD_RUNPATH_SEARCH_PATHS = "$(inherited) @executable_path/Frameworks @loader_path/Frameworks";
				PRODUCT_BUNDLE_IDENTIFIER = com.paddlemax.paddlemaxiosTests;
				PRODUCT_NAME = "$(TARGET_NAME)";
				SWIFT_VERSION = 4.0;
				TEST_HOST = "$(BUILT_PRODUCTS_DIR)/paddlemaxios.app/paddlemaxios";
			};
			name = Debug;
		};
		7984B8F21FAD341C00C911E8 /* Release */ = {
			isa = XCBuildConfiguration;
			buildSettings = {
				BUNDLE_LOADER = "$(TEST_HOST)";
				DEVELOPMENT_TEAM = 3K7MWNCT43;
				INFOPLIST_FILE = paddlemaxiosTests/Info.plist;
				LD_RUNPATH_SEARCH_PATHS = "$(inherited) @executable_path/Frameworks @loader_path/Frameworks";
				PRODUCT_BUNDLE_IDENTIFIER = com.paddlemax.paddlemaxiosTests;
				PRODUCT_NAME = "$(TARGET_NAME)";
				SWIFT_VERSION = 4.0;
				TEST_HOST = "$(BUILT_PRODUCTS_DIR)/paddlemaxios.app/paddlemaxios";
			};
			name = Release;
		};
		7984B8F41FAD341C00C911E8 /* Debug */ = {
			isa = XCBuildConfiguration;
			buildSettings = {
				DEVELOPMENT_TEAM = 3K7MWNCT43;
				INFOPLIST_FILE = paddlemaxiosUITests/Info.plist;
				LD_RUNPATH_SEARCH_PATHS = "$(inherited) @executable_path/Frameworks @loader_path/Frameworks";
				PRODUCT_BUNDLE_IDENTIFIER = com.paddlemax.paddlemaxiosUITests;
				PRODUCT_NAME = "$(TARGET_NAME)";
				SWIFT_VERSION = 4.0;
				TEST_TARGET_NAME = paddlemaxios;
			};
			name = Debug;
		};
		7984B8F51FAD341C00C911E8 /* Release */ = {
			isa = XCBuildConfiguration;
			buildSettings = {
				DEVELOPMENT_TEAM = 3K7MWNCT43;
				INFOPLIST_FILE = paddlemaxiosUITests/Info.plist;
				LD_RUNPATH_SEARCH_PATHS = "$(inherited) @executable_path/Frameworks @loader_path/Frameworks";
				PRODUCT_BUNDLE_IDENTIFIER = com.paddlemax.paddlemaxiosUITests;
				PRODUCT_NAME = "$(TARGET_NAME)";
				SWIFT_VERSION = 4.0;
				TEST_TARGET_NAME = paddlemaxios;
			};
			name = Release;
		};
/* End XCBuildConfiguration section */

/* Begin XCConfigurationList section */
		7984B8C01FAD341B00C911E8 /* Build configuration list for PBXProject "paddlemaxios" */ = {
			isa = XCConfigurationList;
			buildConfigurations = (
				7984B8EB1FAD341C00C911E8 /* Debug */,
				7984B8EC1FAD341C00C911E8 /* Release */,
			);
			defaultConfigurationIsVisible = 0;
			defaultConfigurationName = Release;
		};
		7984B8ED1FAD341C00C911E8 /* Build configuration list for PBXNativeTarget "paddlemaxios" */ = {
			isa = XCConfigurationList;
			buildConfigurations = (
				7984B8EE1FAD341C00C911E8 /* Debug */,
				7984B8EF1FAD341C00C911E8 /* Release */,
			);
			defaultConfigurationIsVisible = 0;
			defaultConfigurationName = Release;
		};
		7984B8F01FAD341C00C911E8 /* Build configuration list for PBXNativeTarget "paddlemaxiosTests" */ = {
			isa = XCConfigurationList;
			buildConfigurations = (
				7984B8F11FAD341C00C911E8 /* Debug */,
				7984B8F21FAD341C00C911E8 /* Release */,
			);
			defaultConfigurationIsVisible = 0;
			defaultConfigurationName = Release;
		};
		7984B8F31FAD341C00C911E8 /* Build configuration list for PBXNativeTarget "paddlemaxiosUITests" */ = {
			isa = XCConfigurationList;
			buildConfigurations = (
				7984B8F41FAD341C00C911E8 /* Debug */,
				7984B8F51FAD341C00C911E8 /* Release */,
			);
			defaultConfigurationIsVisible = 0;
			defaultConfigurationName = Release;
		};
/* End XCConfigurationList section */
	};
	rootObject = 7984B8BD1FAD341B00C911E8 /* Project object */;
}
